
Microsoft Visual Studio Solution File, Format Version 12.00
# Visual Studio 2017
Project("{FAE04EC0-301F-11D3-BF4B-00C04F79EFBC}") = "2D Game Jam Asset Pack", "2D Game Jam Asset Pack.csproj", "{7627CD69-CF50-AA75-7C90-31F97B26EC2F}"
EndProject
Global
	GlobalSection(SolutionConfigurationPlatforms) = preSolution
		Debug|Any CPU = Debug|Any CPU
		Release|Any CPU = Release|Any CPU
	EndGlobalSection
	GlobalSection(ProjectConfigurationPlatforms) = postSolution
		{7627CD69-CF50-AA75-7C90-31F97B26EC2F}.Debug|Any CPU.ActiveCfg = Debug|Any CPU
		{7627CD69-CF50-AA75-7C90-31F97B26EC2F}.Debug|Any CPU.Build.0 = Debug|Any CPU
		{7627CD69-CF50-AA75-7C90-31F97B26EC2F}.Release|Any CPU.ActiveCfg = Release|Any CPU
		{7627CD69-CF50-AA75-7C90-31F97B26EC2F}.Release|Any CPU.Build.0 = Release|Any CPU
	EndGlobalSection
	GlobalSection(SolutionProperties) = preSolution
		HideSolutionNode = FALSE
	EndGlobalSection
EndGlobal
